
Microsoft Visual Studio Solution File, Format Version 12.00
# Visual Studio Version 16
VisualStudioVersion = 16.0.31205.134
MinimumVisualStudioVersion = 10.0.40219.1
Project("{2150E333-8FDC-42A3-9474-1A3956D46DE8}") = "Database", "Database", "{D3A9CD2D-5B3A-4387-A675-FC4F2409CCBC}"
EndProject
Project("{2150E333-8FDC-42A3-9474-1A3956D46DE8}") = "Tools", "Tools", "{3762DD1F-3514-4998-A0A9-728030328A23}"
EndProject
Project("{2150E333-8FDC-42A3-9474-1A3956D46DE8}") = "WeChat", "WeChat", "{9C1C821D-C51F-420F-8408-AC7FE913BAB8}"
EndProject
Project("{2150E333-8FDC-42A3-9474-1A3956D46DE8}") = "Common", "Common", "{5F9AA44F-00E5-4239-A723-40556C638F42}"
EndProject
Project("{9A19103F-16F7-4668-BE54-9A1E7A4F7556}") = "ApliuNetWeb", "ApliuNetWeb\ApliuNetWeb.csproj", "{8C016C60-12A6-479D-BDF7-BB6DEF925F31}"
EndProject
Project("{9A19103F-16F7-4668-BE54-9A1E7A4F7556}") = "Apliu.Net", "Common\Apliu.Net\Apliu.Net.csproj", "{3EA903D4-6AC9-4286-A599-C9CE80A65DCA}"
EndProject
Project("{9A19103F-16F7-4668-BE54-9A1E7A4F7556}") = "Apliu.Core", "Common\Apliu.Core\Apliu.Core.csproj", "{339EAB40-6D87-428C-B8B1-FC11D5866CFD}"
EndProject
Project("{9A19103F-16F7-4668-BE54-9A1E7A4F7556}") = "Apliu.Database", "Database\Apliu.Database\Apliu.Database.csproj", "{DF783D0A-8519-4059-8D10-C2B3B2C1D5E2}"
EndProject
Project("{9A19103F-16F7-4668-BE54-9A1E7A4F7556}") = "Apliu.Database.Mysql", "Database\Apliu.Database.Mysql\Apliu.Database.Mysql.csproj", "{00DD3A37-6F70-4E4F-9C27-42A6088B1042}"
EndProject
Project("{9A19103F-16F7-4668-BE54-9A1E7A4F7556}") = "Apliu.Database.OleDb", "Database\Apliu.Database.OleDb\Apliu.Database.OleDb.csproj", "{D8AC6129-96F3-41B4-B794-F8DD6D52C2D2}"
EndProject
Project("{9A19103F-16F7-4668-BE54-9A1E7A4F7556}") = "Apliu.Database.Oracle", "Database\Apliu.Database.Oracle\Apliu.Database.Oracle.csproj", "{DE4D3630-6EDA-4856-A79D-C4485BD10148}"
EndProject
Project("{9A19103F-16F7-4668-BE54-9A1E7A4F7556}") = "Apliu.Database.SqlServer", "Database\Apliu.Database.SqlServer\Apliu.Database.SqlServer.csproj", "{A784D7F1-F43E-4F9A-8DB0-FBA593C7B3B7}"
EndProject
Project("{9A19103F-16F7-4668-BE54-9A1E7A4F7556}") = "Apliu.Tools", "Tools\Apliu.Tools\Apliu.Tools.csproj", "{FB406875-D521-46F2-8CD3-D01375DA5E70}"
EndProject
Project("{9A19103F-16F7-4668-BE54-9A1E7A4F7556}") = "Apliu.WeChat", "WeChat\Apliu.WeChat\Apliu.WeChat.csproj", "{205F3D34-1FF2-49E3-AAB3-A27D1310D68B}"
EndProject
Project("{9A19103F-16F7-4668-BE54-9A1E7A4F7556}") = "Apliu.Database.MongoDb", "Database\Apliu.Database.MongoDB\Apliu.Database.MongoDb.csproj", "{E64DE583-643D-419B-A547-C034A4E105FD}"
EndProject
Project("{9A19103F-16F7-4668-BE54-9A1E7A4F7556}") = "Apliu.Database.ORM", "Database\Apliu.Database.ORM\Apliu.Database.ORM.csproj", "{FC0114C9-3B64-4F46-9060-EAFE99D82265}"
EndProject
Project("{9A19103F-16F7-4668-BE54-9A1E7A4F7556}") = "ApliuNetConsole", "ApliuNetConsole\ApliuNetConsole.csproj", "{4659302B-ED1C-43E2-8A11-7A5BF0C3B7CE}"
EndProject
Global
	GlobalSection(SolutionConfigurationPlatforms) = preSolution
		Debug|Any CPU = Debug|Any CPU
		Release|Any CPU = Release|Any CPU
	EndGlobalSection
	GlobalSection(ProjectConfigurationPlatforms) = postSolution
		{8C016C60-12A6-479D-BDF7-BB6DEF925F31}.Debug|Any CPU.ActiveCfg = Debug|Any CPU
		{8C016C60-12A6-479D-BDF7-BB6DEF925F31}.Debug|Any CPU.Build.0 = Debug|Any CPU
		{8C016C60-12A6-479D-BDF7-BB6DEF925F31}.Release|Any CPU.ActiveCfg = Release|Any CPU
		{8C016C60-12A6-479D-BDF7-BB6DEF925F31}.Release|Any CPU.Build.0 = Release|Any CPU
		{3EA903D4-6AC9-4286-A599-C9CE80A65DCA}.Debug|Any CPU.ActiveCfg = Debug|Any CPU
		{3EA903D4-6AC9-4286-A599-C9CE80A65DCA}.Debug|Any CPU.Build.0 = Debug|Any CPU
		{3EA903D4-6AC9-4286-A599-C9CE80A65DCA}.Release|Any CPU.ActiveCfg = Release|Any CPU
		{3EA903D4-6AC9-4286-A599-C9CE80A65DCA}.Release|Any CPU.Build.0 = Release|Any CPU
		{339EAB40-6D87-428C-B8B1-FC11D5866CFD}.Debug|Any CPU.ActiveCfg = Debug|Any CPU
		{339EAB40-6D87-428C-B8B1-FC11D5866CFD}.Debug|Any CPU.Build.0 = Debug|Any CPU
		{339EAB40-6D87-428C-B8B1-FC11D5866CFD}.Release|Any CPU.ActiveCfg = Release|Any CPU
		{339EAB40-6D87-428C-B8B1-FC11D5866CFD}.Release|Any CPU.Build.0 = Release|Any CPU
		{DF783D0A-8519-4059-8D10-C2B3B2C1D5E2}.Debug|Any CPU.ActiveCfg = Debug|Any CPU
		{DF783D0A-8519-4059-8D10-C2B3B2C1D5E2}.Debug|Any CPU.Build.0 = Debug|Any CPU
		{DF783D0A-8519-4059-8D10-C2B3B2C1D5E2}.Release|Any CPU.ActiveCfg = Release|Any CPU
		{DF783D0A-8519-4059-8D10-C2B3B2C1D5E2}.Release|Any CPU.Build.0 = Release|Any CPU
		{00DD3A37-6F70-4E4F-9C27-42A6088B1042}.Debug|Any CPU.ActiveCfg = Debug|Any CPU
		{00DD3A37-6F70-4E4F-9C27-42A6088B1042}.Debug|Any CPU.Build.0 = Debug|Any CPU
		{00DD3A37-6F70-4E4F-9C27-42A6088B1042}.Release|Any CPU.ActiveCfg = Release|Any CPU
		{00DD3A37-6F70-4E4F-9C27-42A6088B1042}.Release|Any CPU.Build.0 = Release|Any CPU
		{D8AC6129-96F3-41B4-B794-F8DD6D52C2D2}.Debug|Any CPU.ActiveCfg = Debug|Any CPU
		{D8AC6129-96F3-41B4-B794-F8DD6D52C2D2}.Debug|Any CPU.Build.0 = Debug|Any CPU
		{D8AC6129-96F3-41B4-B794-F8DD6D52C2D2}.Release|Any CPU.ActiveCfg = Release|Any CPU
		{D8AC6129-96F3-41B4-B794-F8DD6D52C2D2}.Release|Any CPU.Build.0 = Release|Any CPU
		{DE4D3630-6EDA-4856-A79D-C4485BD10148}.Debug|Any CPU.ActiveCfg = Debug|Any CPU
		{DE4D3630-6EDA-4856-A79D-C4485BD10148}.Debug|Any CPU.Build.0 = Debug|Any CPU
		{DE4D3630-6EDA-4856-A79D-C4485BD10148}.Release|Any CPU.ActiveCfg = Release|Any CPU
		{DE4D3630-6EDA-4856-A79D-C4485BD10148}.Release|Any CPU.Build.0 = Release|Any CPU
		{A784D7F1-F43E-4F9A-8DB0-FBA593C7B3B7}.Debug|Any CPU.ActiveCfg = Debug|Any CPU
		{A784D7F1-F43E-4F9A-8DB0-FBA593C7B3B7}.Debug|Any CPU.Build.0 = Debug|Any CPU
		{A784D7F1-F43E-4F9A-8DB0-FBA593C7B3B7}.Release|Any CPU.ActiveCfg = Release|Any CPU
		{A784D7F1-F43E-4F9A-8DB0-FBA593C7B3B7}.Release|Any CPU.Build.0 = Release|Any CPU
		{FB406875-D521-46F2-8CD3-D01375DA5E70}.Debug|Any CPU.ActiveCfg = Debug|Any CPU
		{FB406875-D521-46F2-8CD3-D01375DA5E70}.Debug|Any CPU.Build.0 = Debug|Any CPU
		{FB406875-D521-46F2-8CD3-D01375DA5E70}.Release|Any CPU.ActiveCfg = Release|Any CPU
		{FB406875-D521-46F2-8CD3-D01375DA5E70}.Release|Any CPU.Build.0 = Release|Any CPU
		{205F3D34-1FF2-49E3-AAB3-A27D1310D68B}.Debug|Any CPU.ActiveCfg = Debug|Any CPU
		{205F3D34-1FF2-49E3-AAB3-A27D1310D68B}.Debug|Any CPU.Build.0 = Debug|Any CPU
		{205F3D34-1FF2-49E3-AAB3-A27D1310D68B}.Release|Any CPU.ActiveCfg = Release|Any CPU
		{205F3D34-1FF2-49E3-AAB3-A27D1310D68B}.Release|Any CPU.Build.0 = Release|Any CPU
		{E64DE583-643D-419B-A547-C034A4E105FD}.Debug|Any CPU.ActiveCfg = Debug|Any CPU
		{E64DE583-643D-419B-A547-C034A4E105FD}.Debug|Any CPU.Build.0 = Debug|Any CPU
		{E64DE583-643D-419B-A547-C034A4E105FD}.Release|Any CPU.ActiveCfg = Release|Any CPU
		{E64DE583-643D-419B-A547-C034A4E105FD}.Release|Any CPU.Build.0 = Release|Any CPU
		{FC0114C9-3B64-4F46-9060-EAFE99D82265}.Debug|Any CPU.ActiveCfg = Debug|Any CPU
		{FC0114C9-3B64-4F46-9060-EAFE99D82265}.Debug|Any CPU.Build.0 = Debug|Any CPU
		{FC0114C9-3B64-4F46-9060-EAFE99D82265}.Release|Any CPU.ActiveCfg = Release|Any CPU
		{FC0114C9-3B64-4F46-9060-EAFE99D82265}.Release|Any CPU.Build.0 = Release|Any CPU
		{4659302B-ED1C-43E2-8A11-7A5BF0C3B7CE}.Debug|Any CPU.ActiveCfg = Debug|Any CPU
		{4659302B-ED1C-43E2-8A11-7A5BF0C3B7CE}.Debug|Any CPU.Build.0 = Debug|Any CPU
		{4659302B-ED1C-43E2-8A11-7A5BF0C3B7CE}.Release|Any CPU.ActiveCfg = Release|Any CPU
		{4659302B-ED1C-43E2-8A11-7A5BF0C3B7CE}.Release|Any CPU.Build.0 = Release|Any CPU
	EndGlobalSection
	GlobalSection(SolutionProperties) = preSolution
		HideSolutionNode = FALSE
	EndGlobalSection
	GlobalSection(NestedProjects) = preSolution
		{3EA903D4-6AC9-4286-A599-C9CE80A65DCA} = {5F9AA44F-00E5-4239-A723-40556C638F42}
		{339EAB40-6D87-428C-B8B1-FC11D5866CFD} = {5F9AA44F-00E5-4239-A723-40556C638F42}
		{DF783D0A-8519-4059-8D10-C2B3B2C1D5E2} = {D3A9CD2D-5B3A-4387-A675-FC4F2409CCBC}
		{00DD3A37-6F70-4E4F-9C27-42A6088B1042} = {D3A9CD2D-5B3A-4387-A675-FC4F2409CCBC}
		{D8AC6129-96F3-41B4-B794-F8DD6D52C2D2} = {D3A9CD2D-5B3A-4387-A675-FC4F2409CCBC}
		{DE4D3630-6EDA-4856-A79D-C4485BD10148} = {D3A9CD2D-5B3A-4387-A675-FC4F2409CCBC}
		{A784D7F1-F43E-4F9A-8DB0-FBA593C7B3B7} = {D3A9CD2D-5B3A-4387-A675-FC4F2409CCBC}
		{FB406875-D521-46F2-8CD3-D01375DA5E70} = {3762DD1F-3514-4998-A0A9-728030328A23}
		{205F3D34-1FF2-49E3-AAB3-A27D1310D68B} = {9C1C821D-C51F-420F-8408-AC7FE913BAB8}
		{E64DE583-643D-419B-A547-C034A4E105FD} = {D3A9CD2D-5B3A-4387-A675-FC4F2409CCBC}
		{FC0114C9-3B64-4F46-9060-EAFE99D82265} = {D3A9CD2D-5B3A-4387-A675-FC4F2409CCBC}
	EndGlobalSection
	GlobalSection(ExtensibilityGlobals) = postSolution
		SolutionGuid = {944C7AC3-DD6E-4B00-86BA-F7FB107F9B93}
	EndGlobalSection
EndGlobal
